PODS:
  - BoltsTask (0.1.0)
  - Expecta (0.3.1)
  - Specta (0.2.1)

DEPENDENCIES:
  - BoltsTask (from `../`)
  - Expecta
  - Specta (~> 0.2.1)

EXTERNAL SOURCES:
  BoltsTask:
    :path: ../

SPEC CHECKSUMS:
  BoltsTask: 45abd0c270e0c9c8fa764e7ae8feba3aa24619a8
  Expecta: 03aabd0a89d8dea843baecb19a7fd7466a69a31d
  Specta: 9141310f46b1f68b676650ff2854e1ed0b74163a

COCOAPODS: 0.33.1
